PODS:
  - Nimble (8.0.4)
  - Quick (2.2.0)
  - XXShield (2.3.0)

DEPENDENCIES:
  - Nimble
  - Quick
  - XXShield (from `../`)

SPEC REPOS:
  trunk:
    - Nimble
    - Quick

EXTERNAL SOURCES:
  XXShield:
    :path: "../"

SPEC CHECKSUMS:
  Nimble: 18d5360282923225d62b09d781f63abc1a0111fc
  Quick: 7fb19e13be07b5dfb3b90d4f9824c855a11af40e
  XXShield: b0608906e060154f9078df922a665199e7cf08b3

PODFILE CHECKSUM: 6250b357771a0da19b10bd2f9464a36ebd20892b

COCOAPODS: 1.8.4
